
Microsoft Visual Studio Solution File, Format Version 12.00
# Visual Studio Version 17
VisualStudioVersion = 17.8.34309.116
MinimumVisualStudioVersion = 10.0.40219.1
Project("{FAE04EC0-301F-11D3-BF4B-00C04F79EFBC}") = "TextSplitterApp", "TextSplitter\TextSplitterApp.csproj", "{68CCE131-DD7D-482F-AA23-A8F298C023DF}"
EndProject
Global
	GlobalSection(SolutionConfigurationPlatforms) = preSolution
		Debug|Any CPU = Debug|Any CPU
		Release|Any CPU = Release|Any CPU
	EndGlobalSection
	GlobalSection(ProjectConfigurationPlatforms) = postSolution
		{68CCE131-DD7D-482F-AA23-A8F298C023DF}.Debug|Any CPU.ActiveCfg = Debug|Any CPU
		{68CCE131-DD7D-482F-AA23-A8F298C023DF}.Debug|Any CPU.Build.0 = Debug|Any CPU
		{68CCE131-DD7D-482F-AA23-A8F298C023DF}.Release|Any CPU.ActiveCfg = Release|Any CPU
		{68CCE131-DD7D-482F-AA23-A8F298C023DF}.Release|Any CPU.Build.0 = Release|Any CPU
	EndGlobalSection
	GlobalSection(SolutionProperties) = preSolution
		HideSolutionNode = FALSE
	EndGlobalSection
	GlobalSection(ExtensibilityGlobals) = postSolution
		SolutionGuid = {A486BF8D-984F-49F1-B79D-70B2F4E30D98}
	EndGlobalSection
EndGlobal
